// !$*UTF8*$!
{
	archiveVersion = 1;
	classes = {
	};
	objectVersion = 56;
	objects = {

/* Begin PBXBuildFile section */
		FBC7EC312CE277C4001AB201 /* AppDelegate.swift in Sources */ = {isa = PBXBuildFile; fileRef = FBC7EC302CE277C4001AB201 /* AppDelegate.swift */; };
		FBC7EC332CE277C4001AB201 /* SceneDelegate.swift in Sources */ = {isa = PBXBuildFile; fileRef = FBC7EC322CE277C4001AB201 /* SceneDelegate.swift */; };
		FBC7EC352CE277C4001AB201 /* ViewController.swift in Sources */ = {isa = PBXBuildFile; fileRef = FBC7EC342CE277C4001AB201 /* ViewController.swift */; };
		FBC7EC382CE277C4001AB201 /* Base in Resources */ = {isa = PBXBuildFile; fileRef = FBC7EC372CE277C4001AB201 /* Base */; };
		FBC7EC3A2CE277C5001AB201 /* Assets.xcassets in Resources */ = {isa = PBXBuildFile; fileRef = FBC7EC392CE277C5001AB201 /* Assets.xcassets */; };
		FBC7EC3D2CE277C5001AB201 /* Base in Resources */ = {isa = PBXBuildFile; fileRef = FBC7EC3C2CE277C5001AB201 /* Base */; };
		FBC7EC482CE277C5001AB201 /* Final_v2Tests.swift in Sources */ = {isa = PBXBuildFile; fileRef = FBC7EC472CE277C5001AB201 /* Final_v2Tests.swift */; };
		FBC7EC522CE277C5001AB201 /* Final_v2UITests.swift in Sources */ = {isa = PBXBuildFile; fileRef = FBC7EC512CE277C5001AB201 /* Final_v2UITests.swift */; };
		FBC7EC542CE277C5001AB201 /* Final_v2UITestsLaunchTests.swift in Sources */ = {isa = PBXBuildFile; fileRef = FBC7EC532CE277C5001AB201 /* Final_v2UITestsLaunchTests.swift */; };
		FBC7EC612CE27841001AB201 /* Paises.swift in Sources */ = {isa = PBXBuildFile; fileRef = FBC7EC602CE27841001AB201 /* Paises.swift */; };
		FBC7EC642CE278CA001AB201 /* controlador_paises.swift in Sources */ = {isa = PBXBuildFile; fileRef = FBC7EC632CE278CA001AB201 /* controlador_paises.swift */; };
/* End PBXBuildFile section */

/* Begin PBXContainerItemProxy section */
		FBC7EC442CE277C5001AB201 /* PBXContainerItemProxy */ = {
			isa = PBXContainerItemProxy;
			containerPortal = FBC7EC252CE277C4001AB201 /* Project object */;
			proxyType = 1;
			remoteGlobalIDString = FBC7EC2C2CE277C4001AB201;
			remoteInfo = Final_v2;
		};
		FBC7EC4E2CE277C5001AB201 /* PBXContainerItemProxy */ = {
			isa = PBXContainerItemProxy;
			containerPortal = FBC7EC252CE277C4001AB201 /* Project object */;
			proxyType = 1;
			remoteGlobalIDString = FBC7EC2C2CE277C4001AB201;
			remoteInfo = Final_v2;
		};
/* End PBXContainerItemProxy section */

/* Begin PBXFileReference section */
		FBC7EC2D2CE277C4001AB201 /* Final_v2.app */ = {isa = PBXFileReference; explicitFileType = wrapper.application; includeInIndex = 0; path = Final_v2.app; sourceTree = BUILT_PRODUCTS_DIR; };
		FBC7EC302CE277C4001AB201 /* AppDelegate.swift */ = {isa = PBXFileReference; lastKnownFileType = sourcecode.swift; path = AppDelegate.swift; sourceTree = "<group>"; };
		FBC7EC322CE277C4001AB201 /* SceneDelegate.swift */ = {isa = PBXFileReference; lastKnownFileType = sourcecode.swift; path = SceneDelegate.swift; sourceTree = "<group>"; };
		FBC7EC342CE277C4001AB201 /* ViewController.swift */ = {isa = PBXFileReference; lastKnownFileType = sourcecode.swift; path = ViewController.swift; sourceTree = "<group>"; };
		FBC7EC372CE277C4001AB201 /* Base */ = {isa = PBXFileReference; lastKnownFileType = file.storyboard; name = Base; path = Base.lproj/Main.storyboard; sourceTree = "<group>"; };
		FBC7EC392CE277C5001AB201 /* Assets.xcassets */ = {isa = PBXFileReference; lastKnownFileType = folder.assetcatalog; path = Assets.xcassets; sourceTree = "<group>"; };
		FBC7EC3C2CE277C5001AB201 /* Base */ = {isa = PBXFileReference; lastKnownFileType = file.storyboard; name = Base; path = Base.lproj/LaunchScreen.storyboard; sourceTree = "<group>"; };
		FBC7EC3E2CE277C5001AB201 /* Info.plist */ = {isa = PBXFileReference; lastKnownFileType = text.plist.xml; path = Info.plist; sourceTree = "<group>"; };
		FBC7EC432CE277C5001AB201 /* Final_v2Tests.xctest */ = {isa = PBXFileReference; explicitFileType = wrapper.cfbundle; includeInIndex = 0; path = Final_v2Tests.xctest; sourceTree = BUILT_PRODUCTS_DIR; };
		FBC7EC472CE277C5001AB201 /* Final_v2Tests.swift */ = {isa = PBXFileReference; lastKnownFileType = sourcecode.swift; path = Final_v2Tests.swift; sourceTree = "<group>"; };
		FBC7EC4D2CE277C5001AB201 /* Final_v2UITests.xctest */ = {isa = PBXFileReference; explicitFileType = wrapper.cfbundle; includeInIndex = 0; path = Final_v2UITests.xctest; sourceTree = BUILT_PRODUCTS_DIR; };
		FBC7EC512CE277C5001AB201 /* Final_v2UITests.swift */ = {isa = PBXFileReference; lastKnownFileType = sourcecode.swift; path = Final_v2UITests.swift; sourceTree = "<group>"; };
		FBC7EC532CE277C5001AB201 /* Final_v2UITestsLaunchTests.swift */ = {isa = PBXFileReference; lastKnownFileType = sourcecode.swift; path = Final_v2UITestsLaunchTests.swift; sourceTree = "<group>"; };
		FBC7EC602CE27841001AB201 /* Paises.swift */ = {isa = PBXFileReference; lastKnownFileType = sourcecode.swift; path = Paises.swift; sourceTree = "<group>"; };
		FBC7EC632CE278CA001AB201 /* controlador_paises.swift */ = {isa = PBXFileReference; lastKnownFileType = sourcecode.swift; path = controlador_paises.swift; sourceTree = "<group>"; };
/* End PBXFileReference section */

/* Begin PBXFrameworksBuildPhase section */
		FBC7EC2A2CE277C4001AB201 /* Frameworks */ = {
			isa = PBXFrameworksBuildPhase;
			buildActionMask = 2147483647;
			files = (
			);
			runOnlyForDeploymentPostprocessing = 0;
		};
		FBC7EC402CE277C5001AB201 /* Frameworks */ = {
			isa = PBXFrameworksBuildPhase;
			buildActionMask = 2147483647;
			files = (
			);
			runOnlyForDeploymentPostprocessing = 0;
		};
		FBC7EC4A2CE277C5001AB201 /* Frameworks */ = {
			isa = PBXFrameworksBuildPhase;
			buildActionMask = 2147483647;
			files = (
			);
			runOnlyForDeploymentPostprocessing = 0;
		};
/* End PBXFrameworksBuildPhase section */

/* Begin PBXGroup section */
		FBC7EC242CE277C4001AB201 = {
			isa = PBXGroup;
			children = (
				FBC7EC2F2CE277C4001AB201 /* Final_v2 */,
				FBC7EC462CE277C5001AB201 /* Final_v2Tests */,
				FBC7EC502CE277C5001AB201 /* Final_v2UITests */,
				FBC7EC2E2CE277C4001AB201 /* Products */,
			);
			sourceTree = "<group>";
		};
		FBC7EC2E2CE277C4001AB201 /* Products */ = {
			isa = PBXGroup;
			children = (
				FBC7EC2D2CE277C4001AB201 /* Final_v2.app */,
				FBC7EC432CE277C5001AB201 /* Final_v2Tests.xctest */,
				FBC7EC4D2CE277C5001AB201 /* Final_v2UITests.xctest */,
			);
			name = Products;
			sourceTree = "<group>";
		};
		FBC7EC2F2CE277C4001AB201 /* Final_v2 */ = {
			isa = PBXGroup;
			children = (
				FBC7EC622CE278B1001AB201 /* Controladores */,
				FBC7EC302CE277C4001AB201 /* AppDelegate.swift */,
				FBC7EC322CE277C4001AB201 /* SceneDelegate.swift */,
				FBC7EC342CE277C4001AB201 /* ViewController.swift */,
				FBC7EC362CE277C4001AB201 /* Main.storyboard */,
				FBC7EC392CE277C5001AB201 /* Assets.xcassets */,
				FBC7EC3B2CE277C5001AB201 /* LaunchScreen.storyboard */,
				FBC7EC3E2CE277C5001AB201 /* Info.plist */,
				FBC7EC602CE27841001AB201 /* Paises.swift */,
			);
			path = Final_v2;
			sourceTree = "<group>";
		};
		FBC7EC462CE277C5001AB201 /* Final_v2Tests */ = {
			isa = PBXGroup;
			children = (
				FBC7EC472CE277C5001AB201 /* Final_v2Tests.swift */,
			);
			path = Final_v2Tests;
			sourceTree = "<group>";
		};
		FBC7EC502CE277C5001AB201 /* Final_v2UITests */ = {
			isa = PBXGroup;
			children = (
				FBC7EC512CE277C5001AB201 /* Final_v2UITests.swift */,
				FBC7EC532CE277C5001AB201 /* Final_v2UITestsLaunchTests.swift */,
			);
			path = Final_v2UITests;
			sourceTree = "<group>";
		};
		FBC7EC622CE278B1001AB201 /* Controladores */ = {
			isa = PBXGroup;
			children = (
				FBC7EC632CE278CA001AB201 /* controlador_paises.swift */,
			);
			path = Controladores;
			sourceTree = "<group>";
		};
/* End PBXGroup section */

/* Begin PBXNativeTarget section */
		FBC7EC2C2CE277C4001AB201 /* Final_v2 */ = {
			isa = PBXNativeTarget;
			buildConfigurationList = FBC7EC572CE277C5001AB201 /* Build configuration list for PBXNativeTarget "Final_v2" */;
			buildPhases = (
				FBC7EC292CE277C4001AB201 /* Sources */,
				FBC7EC2A2CE277C4001AB201 /* Frameworks */,
				FBC7EC2B2CE277C4001AB201 /* Resources */,
			);
			buildRules = (
			);
			dependencies = (
			);
			name = Final_v2;
			productName = Final_v2;
			productReference = FBC7EC2D2CE277C4001AB201 /* Final_v2.app */;
			productType = "com.apple.product-type.application";
		};
		FBC7EC422CE277C5001AB201 /* Final_v2Tests */ = {
			isa = PBXNativeTarget;
			buildConfigurationList = FBC7EC5A2CE277C5001AB201 /* Build configuration list for PBXNativeTarget "Final_v2Tests" */;
			buildPhases = (
				FBC7EC3F2CE277C5001AB201 /* Sources */,
				FBC7EC402CE277C5001AB201 /* Frameworks */,
				FBC7EC412CE277C5001AB201 /* Resources */,
			);
			buildRules = (
			);
			dependencies = (
				FBC7EC452CE277C5001AB201 /* PBXTargetDependency */,
			);
			name = Final_v2Tests;
			productName = Final_v2Tests;
			productReference = FBC7EC432CE277C5001AB201 /* Final_v2Tests.xctest */;
			productType = "com.apple.product-type.bundle.unit-test";
		};
		FBC7EC4C2CE277C5001AB201 /* Final_v2UITests */ = {
			isa = PBXNativeTarget;
			buildConfigurationList = FBC7EC5D2CE277C5001AB201 /* Build configuration list for PBXNativeTarget "Final_v2UITests" */;
			buildPhases = (
				FBC7EC492CE277C5001AB201 /* Sources */,
				FBC7EC4A2CE277C5001AB201 /* Frameworks */,
				FBC7EC4B2CE277C5001AB201 /* Resources */,
			);
			buildRules = (
			);
			dependencies = (
				FBC7EC4F2CE277C5001AB201 /* PBXTargetDependency */,
			);
			name = Final_v2UITests;
			productName = Final_v2UITests;
			productReference = FBC7EC4D2CE277C5001AB201 /* Final_v2UITests.xctest */;
			productType = "com.apple.product-type.bundle.ui-testing";
		};
/* End PBXNativeTarget section */

/* Begin PBXProject section */
		FBC7EC252CE277C4001AB201 /* Project object */ = {
			isa = PBXProject;
			attributes = {
				BuildIndependentTargetsInParallel = 1;
				LastSwiftUpdateCheck = 1540;
				LastUpgradeCheck = 1540;
				TargetAttributes = {
					FBC7EC2C2CE277C4001AB201 = {
						CreatedOnToolsVersion = 15.4;
					};
					FBC7EC422CE277C5001AB201 = {
						CreatedOnToolsVersion = 15.4;
						TestTargetID = FBC7EC2C2CE277C4001AB201;
					};
					FBC7EC4C2CE277C5001AB201 = {
						CreatedOnToolsVersion = 15.4;
						TestTargetID = FBC7EC2C2CE277C4001AB201;
					};
				};
			};
			buildConfigurationList = FBC7EC282CE277C4001AB201 /* Build configuration list for PBXProject "Final_v2" */;
			compatibilityVersion = "Xcode 14.0";
			developmentRegion = en;
			hasScannedForEncodings = 0;
			knownRegions = (
				en,
				Base,
			);
			mainGroup = FBC7EC242CE277C4001AB201;
			productRefGroup = FBC7EC2E2CE277C4001AB201 /* Products */;
			projectDirPath = "";
			projectRoot = "";
			targets = (
				FBC7EC2C2CE277C4001AB201 /* Final_v2 */,
				FBC7EC422CE277C5001AB201 /* Final_v2Tests */,
				FBC7EC4C2CE277C5001AB201 /* Final_v2UITests */,
			);
		};
/* End PBXProject section */

/* Begin PBXResourcesBuildPhase section */
		FBC7EC2B2CE277C4001AB201 /* Resources */ = {
			isa = PBXResourcesBuildPhase;
			buildActionMask = 2147483647;
			files = (
				FBC7EC3A2CE277C5001AB201 /* Assets.xcassets in Resources */,
				FBC7EC3D2CE277C5001AB201 /* Base in Resources */,
				FBC7EC382CE277C4001AB201 /* Base in Resources */,
			);
			runOnlyForDeploymentPostprocessing = 0;
		};
		FBC7EC412CE277C5001AB201 /* Resources */ = {
			isa = PBXResourcesBuildPhase;
			buildActionMask = 2147483647;
			files = (
			);
			runOnlyForDeploymentPostprocessing = 0;
		};
		FBC7EC4B2CE277C5001AB201 /* Resources */ = {
			isa = PBXResourcesBuildPhase;
			buildActionMask = 2147483647;
			files = (
			);
			runOnlyForDeploymentPostprocessing = 0;
		};
/* End PBXResourcesBuildPhase section */

/* Begin PBXSourcesBuildPhase section */
		FBC7EC292CE277C4001AB201 /* Sources */ = {
			isa = PBXSourcesBuildPhase;
			buildActionMask = 2147483647;
			files = (
				FBC7EC612CE27841001AB201 /* Paises.swift in Sources */,
				FBC7EC352CE277C4001AB201 /* ViewController.swift in Sources */,
				FBC7EC642CE278CA001AB201 /* controlador_paises.swift in Sources */,
				FBC7EC312CE277C4001AB201 /* AppDelegate.swift in Sources */,
				FBC7EC332CE277C4001AB201 /* SceneDelegate.swift in Sources */,
			);
			runOnlyForDeploymentPostprocessing = 0;
		};
		FBC7EC3F2CE277C5001AB201 /* Sources */ = {
			isa = PBXSourcesBuildPhase;
			buildActionMask = 2147483647;
			files = (
				FBC7EC482CE277C5001AB201 /* Final_v2Tests.swift in Sources */,
			);
			runOnlyForDeploymentPostprocessing = 0;
		};
		FBC7EC492CE277C5001AB201 /* Sources */ = {
			isa = PBXSourcesBuildPhase;
			buildActionMask = 2147483647;
			files = (
				FBC7EC542CE277C5001AB201 /* Final_v2UITestsLaunchTests.swift in Sources */,
				FBC7EC522CE277C5001AB201 /* Final_v2UITests.swift in Sources */,
			);
			runOnlyForDeploymentPostprocessing = 0;
		};
/* End PBXSourcesBuildPhase section */

/* Begin PBXTargetDependency section */
		FBC7EC452CE277C5001AB201 /* PBXTargetDependency */ = {
			isa = PBXTargetDependency;
			target = FBC7EC2C2CE277C4001AB201 /* Final_v2 */;
			targetProxy = FBC7EC442CE277C5001AB201 /* PBXContainerItemProxy */;
		};
		FBC7EC4F2CE277C5001AB201 /* PBXTargetDependency */ = {
			isa = PBXTargetDependency;
			target = FBC7EC2C2CE277C4001AB201 /* Final_v2 */;
			targetProxy = FBC7EC4E2CE277C5001AB201 /* PBXContainerItemProxy */;
		};
/* End PBXTargetDependency section */

/* Begin PBXVariantGroup section */
		FBC7EC362CE277C4001AB201 /* Main.storyboard */ = {
			isa = PBXVariantGroup;
			children = (
				FBC7EC372CE277C4001AB201 /* Base */,
			);
			name = Main.storyboard;
			sourceTree = "<group>";
		};
		FBC7EC3B2CE277C5001AB201 /* LaunchScreen.storyboard */ = {
			isa = PBXVariantGroup;
			children = (
				FBC7EC3C2CE277C5001AB201 /* Base */,
			);
			name = LaunchScreen.storyboard;
			sourceTree = "<group>";
		};
/* End PBXVariantGroup section */

/* Begin XCBuildConfiguration section */
		FBC7EC552CE277C5001AB201 /* Debug */ = {
			isa = XCBuildConfiguration;
			buildSettings = {
				ALWAYS_SEARCH_USER_PATHS = NO;
				ASSETCATALOG_COMPILER_GENERATE_SWIFT_ASSET_SYMBOL_EXTENSIONS = YES;
				CLANG_ANALYZER_NONNULL = YES;
				CLANG_ANALYZER_NUMBER_OBJECT_CONVERSION = YES_AGGRESSIVE;
				CLANG_CXX_LANGUAGE_STANDARD = "gnu++20";
				CLANG_ENABLE_MODULES = YES;
				CLANG_ENABLE_OBJC_ARC = YES;
				CLANG_ENABLE_OBJC_WEAK = YES;
				CLANG_WARN_BLOCK_CAPTURE_AUTORELEASING = YES;
				CLANG_WARN_BOOL_CONVERSION = YES;
				CLANG_WARN_COMMA = YES;
				CLANG_WARN_CONSTANT_CONVERSION = YES;
				CLANG_WARN_DEPRECATED_OBJC_IMPLEMENTATIONS = YES;
				CLANG_WARN_DIRECT_OBJC_ISA_USAGE = YES_ERROR;
				CLANG_WARN_DOCUMENTATION_COMMENTS = YES;
				CLANG_WARN_EMPTY_BODY = YES;
				CLANG_WARN_ENUM_CONVERSION = YES;
				CLANG_WARN_INFINITE_RECURSION = YES;
				CLANG_WARN_INT_CONVERSION = YES;
				CLANG_WARN_NON_LITERAL_NULL_CONVERSION = YES;
				CLANG_WARN_OBJC_IMPLICIT_RETAIN_SELF = YES;
				CLANG_WARN_OBJC_LITERAL_CONVERSION = YES;
				CLANG_WARN_OBJC_ROOT_CLASS = YES_ERROR;
				CLANG_WARN_QUOTED_INCLUDE_IN_FRAMEWORK_HEADER = YES;
				CLANG_WARN_RANGE_LOOP_ANALYSIS = YES;
				CLANG_WARN_STRICT_PROTOTYPES = YES;
				CLANG_WARN_SUSPICIOUS_MOVE = YES;
				CLANG_WARN_UNGUARDED_AVAILABILITY = YES_AGGRESSIVE;
				CLANG_WARN_UNREACHABLE_CODE = YES;
				CLANG_WARN__DUPLICATE_METHOD_MATCH = YES;
				COPY_PHASE_STRIP = NO;
				DEBUG_INFORMATION_FORMAT = dwarf;
				ENABLE_STRICT_OBJC_MSGSEND = YES;
				ENABLE_TESTABILITY = YES;
				ENABLE_USER_SCRIPT_SANDBOXING = YES;
				GCC_C_LANGUAGE_STANDARD = gnu17;
				GCC_DYNAMIC_NO_PIC = NO;
				GCC_NO_COMMON_BLOCKS = YES;
				GCC_OPTIMIZATION_LEVEL = 0;
				GCC_PREPROCESSOR_DEFINITIONS = (
					"DEBUG=1",
					"$(inherited)",
				);
				GCC_WARN_64_TO_32_BIT_CONVERSION = YES;
				GCC_WARN_ABOUT_RETURN_TYPE = YES_ERROR;
				GCC_WARN_UNDECLARED_SELECTOR = YES;
				GCC_WARN_UNINITIALIZED_AUTOS = YES_AGGRESSIVE;
				GCC_WARN_UNUSED_FUNCTION = YES;
				GCC_WARN_UNUSED_VARIABLE = YES;
				IPHONEOS_DEPLOYMENT_TARGET = 17.5;
				LOCALIZATION_PREFERS_STRING_CATALOGS = YES;
				MTL_ENABLE_DEBUG_INFO = INCLUDE_SOURCE;
				MTL_FAST_MATH = YES;
				ONLY_ACTIVE_ARCH = YES;
				SDKROOT = iphoneos;
				SWIFT_ACTIVE_COMPILATION_CONDITIONS = "DEBUG $(inherited)";
				SWIFT_OPTIMIZATION_LEVEL = "-Onone";
			};
			name = Debug;
		};
		FBC7EC562CE277C5001AB201 /* Release */ = {
			isa = XCBuildConfiguration;
			buildSettings = {
				ALWAYS_SEARCH_USER_PATHS = NO;
				ASSETCATALOG_COMPILER_GENERATE_SWIFT_ASSET_SYMBOL_EXTENSIONS = YES;
				CLANG_ANALYZER_NONNULL = YES;
				CLANG_ANALYZER_NUMBER_OBJECT_CONVERSION = YES_AGGRESSIVE;
				CLANG_CXX_LANGUAGE_STANDARD = "gnu++20";
				CLANG_ENABLE_MODULES = YES;
				CLANG_ENABLE_OBJC_ARC = YES;
				CLANG_ENABLE_OBJC_WEAK = YES;
				CLANG_WARN_BLOCK_CAPTURE_AUTORELEASING = YES;
				CLANG_WARN_BOOL_CONVERSION = YES;
				CLANG_WARN_COMMA = YES;
				CLANG_WARN_CONSTANT_CONVERSION = YES;
				CLANG_WARN_DEPRECATED_OBJC_IMPLEMENTATIONS = YES;
				CLANG_WARN_DIRECT_OBJC_ISA_USAGE = YES_ERROR;
				CLANG_WARN_DOCUMENTATION_COMMENTS = YES;
				CLANG_WARN_EMPTY_BODY = YES;
				CLANG_WARN_ENUM_CONVERSION = YES;
				CLANG_WARN_INFINITE_RECURSION = YES;
				CLANG_WARN_INT_CONVERSION = YES;
				CLANG_WARN_NON_LITERAL_NULL_CONVERSION = YES;
				CLANG_WARN_OBJC_IMPLICIT_RETAIN_SELF = YES;
				CLANG_WARN_OBJC_LITERAL_CONVERSION = YES;
				CLANG_WARN_OBJC_ROOT_CLASS = YES_ERROR;
				CLANG_WARN_QUOTED_INCLUDE_IN_FRAMEWORK_HEADER = YES;
				CLANG_WARN_RANGE_LOOP_ANALYSIS = YES;
				CLANG_WARN_STRICT_PROTOTYPES = YES;
				CLANG_WARN_SUSPICIOUS_MOVE = YES;
				CLANG_WARN_UNGUARDED_AVAILABILITY = YES_AGGRESSIVE;
				CLANG_WARN_UNREACHABLE_CODE = YES;
				CLANG_WARN__DUPLICATE_METHOD_MATCH = YES;
				COPY_PHASE_STRIP = NO;
				DEBUG_INFORMATION_FORMAT = "dwarf-with-dsym";
				ENABLE_NS_ASSERTIONS = NO;
				ENABLE_STRICT_OBJC_MSGSEND = YES;
				ENABLE_USER_SCRIPT_SANDBOXING = YES;
				GCC_C_LANGUAGE_STANDARD = gnu17;
				GCC_NO_COMMON_BLOCKS = YES;
				GCC_WARN_64_TO_32_BIT_CONVERSION = YES;
				GCC_WARN_ABOUT_RETURN_TYPE = YES_ERROR;
				GCC_WARN_UNDECLARED_SELECTOR = YES;
				GCC_WARN_UNINITIALIZED_AUTOS = YES_AGGRESSIVE;
				GCC_WARN_UNUSED_FUNCTION = YES;
				GCC_WARN_UNUSED_VARIABLE = YES;
				IPHONEOS_DEPLOYMENT_TARGET = 17.5;
				LOCALIZATION_PREFERS_STRING_CATALOGS = YES;
				MTL_ENABLE_DEBUG_INFO = NO;
				MTL_FAST_MATH = YES;
				SDKROOT = iphoneos;
				SWIFT_COMPILATION_MODE = wholemodule;
				VALIDATE_PRODUCT = YES;
			};
			name = Release;
		};
		FBC7EC582CE277C5001AB201 /* Debug */ = {
			isa = XCBuildConfiguration;
			buildSettings = {
				ASSETCATALOG_COMPILER_APPICON_NAME = AppIcon;
				ASSETCATALOG_COMPILER_GLOBAL_ACCENT_COLOR_NAME = AccentColor;
				CODE_SIGN_STYLE = Automatic;
				CURRENT_PROJECT_VERSION = 1;
				GENERATE_INFOPLIST_FILE = YES;
				INFOPLIST_FILE = Final_v2/Info.plist;
				INFOPLIST_KEY_UIApplicationSupportsIndirectInputEvents = YES;
				INFOPLIST_KEY_UILaunchStoryboardName = LaunchScreen;
				INFOPLIST_KEY_UIMainStoryboardFile = Main;
				INFOPLIST_KEY_UISupportedInterfaceOrientations_iPad = "UIInterfaceOrientationPortrait UIInterfaceOrientationPortraitUpsideDown UIInterfaceOrientationLandscapeLeft UIInterfaceOrientationLandscapeRight";
				INFOPLIST_KEY_UISupportedInterfaceOrientations_iPhone = "UIInterfaceOrientationPortrait UIInterfaceOrientationLandscapeLeft UIInterfaceOrientationLandscapeRight";
				LD_RUNPATH_SEARCH_PATHS = (
					"$(inherited)",
					"@executable_path/Frameworks",
				);
				MARKETING_VERSION = 1.0;
				PRODUCT_BUNDLE_IDENTIFIER = "uacj.mx.Final-v2";
				PRODUCT_NAME = "$(TARGET_NAME)";
				SWIFT_EMIT_LOC_STRINGS = YES;
				SWIFT_VERSION = 5.0;
				TARGETED_DEVICE_FAMILY = "1,2";
			};
			name = Debug;
		};
		FBC7EC592CE277C5001AB201 /* Release */ = {
			isa = XCBuildConfiguration;
			buildSettings = {
				ASSETCATALOG_COMPILER_APPICON_NAME = AppIcon;
				ASSETCATALOG_COMPILER_GLOBAL_ACCENT_COLOR_NAME = AccentColor;
				CODE_SIGN_STYLE = Automatic;
				CURRENT_PROJECT_VERSION = 1;
				GENERATE_INFOPLIST_FILE = YES;
				INFOPLIST_FILE = Final_v2/Info.plist;
				INFOPLIST_KEY_UIApplicationSupportsIndirectInputEvents = YES;
				INFOPLIST_KEY_UILaunchStoryboardName = LaunchScreen;
				INFOPLIST_KEY_UIMainStoryboardFile = Main;
				INFOPLIST_KEY_UISupportedInterfaceOrientations_iPad = "UIInterfaceOrientationPortrait UIInterfaceOrientationPortraitUpsideDown UIInterfaceOrientationLandscapeLeft UIInterfaceOrientationLandscapeRight";
				INFOPLIST_KEY_UISupportedInterfaceOrientations_iPhone = "UIInterfaceOrientationPortrait UIInterfaceOrientationLandscapeLeft UIInterfaceOrientationLandscapeRight";
				LD_RUNPATH_SEARCH_PATHS = (
					"$(inherited)",
					"@executable_path/Frameworks",
				);
				MARKETING_VERSION = 1.0;
				PRODUCT_BUNDLE_IDENTIFIER = "uacj.mx.Final-v2";
				PRODUCT_NAME = "$(TARGET_NAME)";
				SWIFT_EMIT_LOC_STRINGS = YES;
				SWIFT_VERSION = 5.0;
				TARGETED_DEVICE_FAMILY = "1,2";
			};
			name = Release;
		};
		FBC7EC5B2CE277C5001AB201 /* Debug */ = {
			isa = XCBuildConfiguration;
			buildSettings = {
				ALWAYS_EMBED_SWIFT_STANDARD_LIBRARIES = YES;
				BUNDLE_LOADER = "$(TEST_HOST)";
				CODE_SIGN_STYLE = Automatic;
				CURRENT_PROJECT_VERSION = 1;
				GENERATE_INFOPLIST_FILE = YES;
				IPHONEOS_DEPLOYMENT_TARGET = 17.5;
				MARKETING_VERSION = 1.0;
				PRODUCT_BUNDLE_IDENTIFIER = "uacj.mx.Final-v2Tests";
				PRODUCT_NAME = "$(TARGET_NAME)";
				SWIFT_EMIT_LOC_STRINGS = NO;
				SWIFT_VERSION = 5.0;
				TARGETED_DEVICE_FAMILY = "1,2";
				TEST_HOST = "$(BUILT_PRODUCTS_DIR)/Final_v2.app/$(BUNDLE_EXECUTABLE_FOLDER_PATH)/Final_v2";
			};
			name = Debug;
		};
		FBC7EC5C2CE277C5001AB201 /* Release */ = {
			isa = XCBuildConfiguration;
			buildSettings = {
				ALWAYS_EMBED_SWIFT_STANDARD_LIBRARIES = YES;
				BUNDLE_LOADER = "$(TEST_HOST)";
				CODE_SIGN_STYLE = Automatic;
				CURRENT_PROJECT_VERSION = 1;
				GENERATE_INFOPLIST_FILE = YES;
				IPHONEOS_DEPLOYMENT_TARGET = 17.5;
				MARKETING_VERSION = 1.0;
				PRODUCT_BUNDLE_IDENTIFIER = "uacj.mx.Final-v2Tests";
				PRODUCT_NAME = "$(TARGET_NAME)";
				SWIFT_EMIT_LOC_STRINGS = NO;
				SWIFT_VERSION = 5.0;
				TARGETED_DEVICE_FAMILY = "1,2";
				TEST_HOST = "$(BUILT_PRODUCTS_DIR)/Final_v2.app/$(BUNDLE_EXECUTABLE_FOLDER_PATH)/Final_v2";
			};
			name = Release;
		};
		FBC7EC5E2CE277C5001AB201 /* Debug */ = {
			isa = XCBuildConfiguration;
			buildSettings = {
				ALWAYS_EMBED_SWIFT_STANDARD_LIBRARIES = YES;
				CODE_SIGN_STYLE = Automatic;
				CURRENT_PROJECT_VERSION = 1;
				GENERATE_INFOPLIST_FILE = YES;
				MARKETING_VERSION = 1.0;
				PRODUCT_BUNDLE_IDENTIFIER = "uacj.mx.Final-v2UITests";
				PRODUCT_NAME = "$(TARGET_NAME)";
				SWIFT_EMIT_LOC_STRINGS = NO;
				SWIFT_VERSION = 5.0;
				TARGETED_DEVICE_FAMILY = "1,2";
				TEST_TARGET_NAME = Final_v2;
			};
			name = Debug;
		};
		FBC7EC5F2CE277C5001AB201 /* Release */ = {
			isa = XCBuildConfiguration;
			buildSettings = {
				ALWAYS_EMBED_SWIFT_STANDARD_LIBRARIES = YES;
				CODE_SIGN_STYLE = Automatic;
				CURRENT_PROJECT_VERSION = 1;
				GENERATE_INFOPLIST_FILE = YES;
				MARKETING_VERSION = 1.0;
				PRODUCT_BUNDLE_IDENTIFIER = "uacj.mx.Final-v2UITests";
				PRODUCT_NAME = "$(TARGET_NAME)";
				SWIFT_EMIT_LOC_STRINGS = NO;
				SWIFT_VERSION = 5.0;
				TARGETED_DEVICE_FAMILY = "1,2";
				TEST_TARGET_NAME = Final_v2;
			};
			name = Release;
		};
/* End XCBuildConfiguration section */

/* Begin XCConfigurationList section */
		FBC7EC282CE277C4001AB201 /* Build configuration list for PBXProject "Final_v2" */ = {
			isa = XCConfigurationList;
			buildConfigurations = (
				FBC7EC552CE277C5001AB201 /* Debug */,
				FBC7EC562CE277C5001AB201 /* Release */,
			);
			defaultConfigurationIsVisible = 0;
			defaultConfigurationName = Release;
		};
		FBC7EC572CE277C5001AB201 /* Build configuration list for PBXNativeTarget "Final_v2" */ = {
			isa = XCConfigurationList;
			buildConfigurations = (
				FBC7EC582CE277C5001AB201 /* Debug */,
				FBC7EC592CE277C5001AB201 /* Release */,
			);
			defaultConfigurationIsVisible = 0;
			defaultConfigurationName = Release;
		};
		FBC7EC5A2CE277C5001AB201 /* Build configuration list for PBXNativeTarget "Final_v2Tests" */ = {
			isa = XCConfigurationList;
			buildConfigurations = (
				FBC7EC5B2CE277C5001AB201 /* Debug */,
				FBC7EC5C2CE277C5001AB201 /* Release */,
			);
			defaultConfigurationIsVisible = 0;
			defaultConfigurationName = Release;
		};
		FBC7EC5D2CE277C5001AB201 /* Build configuration list for PBXNativeTarget "Final_v2UITests" */ = {
			isa = XCConfigurationList;
			buildConfigurations = (
				FBC7EC5E2CE277C5001AB201 /* Debug */,
				FBC7EC5F2CE277C5001AB201 /* Release */,
			);
			defaultConfigurationIsVisible = 0;
			defaultConfigurationName = Release;
		};
/* End XCConfigurationList section */
	};
	rootObject = FBC7EC252CE277C4001AB201 /* Project object */;
}
